
Microsoft Visual Studio Solution File, Format Version 12.00
# Visual Studio Version 17
VisualStudioVersion = 17.13.35806.99
MinimumVisualStudioVersion = 10.0.40219.1
Project("{2150E333-8FDC-42A3-9474-1A3956D46DE8}") = "Applications", "Applications", "{02EA681E-C7D8-13C7-8484-4AC65E1B71E8}"
EndProject
Project("{2150E333-8FDC-42A3-9474-1A3956D46DE8}") = "Libraries", "Libraries", "{4E399F11-191D-48F2-98D7-2E0892A26AEC}"
EndProject
Project("{FAE04EC0-301F-11D3-BF4B-00C04F79EFBC}") = "SV21T1020578.Admin", "SV21T1020578.Admin\SV21T1020578.Admin.csproj", "{762E389D-C5A7-4EBC-8C52-97A3168A7EA5}"
EndProject
Project("{FAE04EC0-301F-11D3-BF4B-00C04F79EFBC}") = "SV21T1020578.DomainModels", "SV21T1020578.DomainModels\SV21T1020578.DomainModels.csproj", "{08FFA88B-8300-4150-9BA0-C831F915A265}"
EndProject
Project("{FAE04EC0-301F-11D3-BF4B-00C04F79EFBC}") = "SV21T1020578.DataLayers", "SV21T1020578.DataLayers\SV21T1020578.DataLayers.csproj", "{5921E2AB-C638-462A-997D-BF2FF48E49A3}"
EndProject
Project("{FAE04EC0-301F-11D3-BF4B-00C04F79EFBC}") = "SV21T1020578.BusinessLayers", "SV21T1020578.BusinessLayers\SV21T1020578.BusinessLayers.csproj", "{0C9DBF1B-1EC4-478E-A72E-3F5641DF6E28}"
EndProject
Project("{FAE04EC0-301F-11D3-BF4B-00C04F79EFBC}") = "SV21T1020578.Shop", "SV21T1020578.Shop\SV21T1020578.Shop.csproj", "{364B1CA5-48B1-461A-AF12-DF63E898FE08}"
EndProject
Global
	GlobalSection(SolutionConfigurationPlatforms) = preSolution
		Debug|Any CPU = Debug|Any CPU
		Release|Any CPU = Release|Any CPU
	EndGlobalSection
	GlobalSection(ProjectConfigurationPlatforms) = postSolution
		{762E389D-C5A7-4EBC-8C52-97A3168A7EA5}.Debug|Any CPU.ActiveCfg = Debug|Any CPU
		{762E389D-C5A7-4EBC-8C52-97A3168A7EA5}.Debug|Any CPU.Build.0 = Debug|Any CPU
		{762E389D-C5A7-4EBC-8C52-97A3168A7EA5}.Release|Any CPU.ActiveCfg = Release|Any CPU
		{762E389D-C5A7-4EBC-8C52-97A3168A7EA5}.Release|Any CPU.Build.0 = Release|Any CPU
		{08FFA88B-8300-4150-9BA0-C831F915A265}.Debug|Any CPU.ActiveCfg = Debug|Any CPU
		{08FFA88B-8300-4150-9BA0-C831F915A265}.Debug|Any CPU.Build.0 = Debug|Any CPU
		{08FFA88B-8300-4150-9BA0-C831F915A265}.Release|Any CPU.ActiveCfg = Release|Any CPU
		{08FFA88B-8300-4150-9BA0-C831F915A265}.Release|Any CPU.Build.0 = Release|Any CPU
		{5921E2AB-C638-462A-997D-BF2FF48E49A3}.Debug|Any CPU.ActiveCfg = Debug|Any CPU
		{5921E2AB-C638-462A-997D-BF2FF48E49A3}.Debug|Any CPU.Build.0 = Debug|Any CPU
		{5921E2AB-C638-462A-997D-BF2FF48E49A3}.Release|Any CPU.ActiveCfg = Release|Any CPU
		{5921E2AB-C638-462A-997D-BF2FF48E49A3}.Release|Any CPU.Build.0 = Release|Any CPU
		{0C9DBF1B-1EC4-478E-A72E-3F5641DF6E28}.Debug|Any CPU.ActiveCfg = Debug|Any CPU
		{0C9DBF1B-1EC4-478E-A72E-3F5641DF6E28}.Debug|Any CPU.Build.0 = Debug|Any CPU
		{0C9DBF1B-1EC4-478E-A72E-3F5641DF6E28}.Release|Any CPU.ActiveCfg = Release|Any CPU
		{0C9DBF1B-1EC4-478E-A72E-3F5641DF6E28}.Release|Any CPU.Build.0 = Release|Any CPU
		{364B1CA5-48B1-461A-AF12-DF63E898FE08}.Debug|Any CPU.ActiveCfg = Debug|Any CPU
		{364B1CA5-48B1-461A-AF12-DF63E898FE08}.Debug|Any CPU.Build.0 = Debug|Any CPU
		{364B1CA5-48B1-461A-AF12-DF63E898FE08}.Release|Any CPU.ActiveCfg = Release|Any CPU
		{364B1CA5-48B1-461A-AF12-DF63E898FE08}.Release|Any CPU.Build.0 = Release|Any CPU
	EndGlobalSection
	GlobalSection(SolutionProperties) = preSolution
		HideSolutionNode = FALSE
	EndGlobalSection
	GlobalSection(NestedProjects) = preSolution
		{762E389D-C5A7-4EBC-8C52-97A3168A7EA5} = {02EA681E-C7D8-13C7-8484-4AC65E1B71E8}
		{08FFA88B-8300-4150-9BA0-C831F915A265} = {4E399F11-191D-48F2-98D7-2E0892A26AEC}
		{5921E2AB-C638-462A-997D-BF2FF48E49A3} = {4E399F11-191D-48F2-98D7-2E0892A26AEC}
		{0C9DBF1B-1EC4-478E-A72E-3F5641DF6E28} = {4E399F11-191D-48F2-98D7-2E0892A26AEC}
		{364B1CA5-48B1-461A-AF12-DF63E898FE08} = {02EA681E-C7D8-13C7-8484-4AC65E1B71E8}
	EndGlobalSection
	GlobalSection(ExtensibilityGlobals) = postSolution
		SolutionGuid = {5FCAB81E-0D86-4B49-B11C-707188638229}
	EndGlobalSection
EndGlobal
